
Microsoft Visual Studio Solution File, Format Version 12.00
# Visual Studio 15
VisualStudioVersion = 15.0.27428.2015
MinimumVisualStudioVersion = 10.0.40219.1
Project("{E24C65DC-7377-472B-9ABA-BC803B73C61A}") = "HttpHandlerWeb", "HttpHandlerWeb\", "{8FE918D8-1CF0-441B-9ECE-F746C1491C53}"
	ProjectSection(WebsiteProperties) = preProject
		TargetFrameworkMoniker = ".NETFramework,Version%3Dv4.0"
		Debug.AspNetCompiler.VirtualPath = "/localhost_5246"
		Debug.AspNetCompiler.PhysicalPath = "HttpHandlerWeb\"
		Debug.AspNetCompiler.TargetPath = "PrecompiledWeb\localhost_5246\"
		Debug.AspNetCompiler.Updateable = "true"
		Debug.AspNetCompiler.ForceOverwrite = "true"
		Debug.AspNetCompiler.FixedNames = "false"
		Debug.AspNetCompiler.Debug = "True"
		Release.AspNetCompiler.VirtualPath = "/localhost_5246"
		Release.AspNetCompiler.PhysicalPath = "HttpHandlerWeb\"
		Release.AspNetCompiler.TargetPath = "PrecompiledWeb\localhost_5246\"
		Release.AspNetCompiler.Updateable = "true"
		Release.AspNetCompiler.ForceOverwrite = "true"
		Release.AspNetCompiler.FixedNames = "false"
		Release.AspNetCompiler.Debug = "False"
		VWDPort = "5246"
		SlnRelativePath = "HttpHandlerWeb\"
	EndProjectSection
EndProject
Global
	GlobalSection(SolutionConfigurationPlatforms) = preSolution
		Debug|Any CPU = Debug|Any CPU
	EndGlobalSection
	GlobalSection(ProjectConfigurationPlatforms) = postSolution
		{8FE918D8-1CF0-441B-9ECE-F746C1491C53}.Debug|Any CPU.ActiveCfg = Debug|Any CPU
		{8FE918D8-1CF0-441B-9ECE-F746C1491C53}.Debug|Any CPU.Build.0 = Debug|Any CPU
	EndGlobalSection
	GlobalSection(SolutionProperties) = preSolution
		HideSolutionNode = FALSE
	EndGlobalSection
	GlobalSection(ExtensibilityGlobals) = postSolution
		SolutionGuid = {E5452674-D622-4782-B077-AAC35CDF098F}
	EndGlobalSection
EndGlobal
